
Microsoft Visual Studio Solution File, Format Version 12.00
# Visual Studio 15
VisualStudioVersion = 15.0.27130.2010
MinimumVisualStudioVersion = 10.0.40219.1
Project("{FAE04EC0-301F-11D3-BF4B-00C04F79EFBC}") = "Hearthstone Deck Tracker", "Hearthstone Deck Tracker\Hearthstone Deck Tracker.csproj", "{E63A3F1C-E662-4E62-BE43-AF27CB9E953D}"
	ProjectSection(ProjectDependencies) = postProject
		{0CFB9662-B57B-488B-9270-CAEC01CDF1C6} = {0CFB9662-B57B-488B-9270-CAEC01CDF1C6}
		{A2619CDE-7B45-4462-AD47-2A7C810551A6} = {A2619CDE-7B45-4462-AD47-2A7C810551A6}
		{16B15FF0-E18C-40C9-97C8-99AFFBC13E6F} = {16B15FF0-E18C-40C9-97C8-99AFFBC13E6F}
		{93E7D7F0-A84C-4BB0-BD68-EEC9F377F1AB} = {93E7D7F0-A84C-4BB0-BD68-EEC9F377F1AB}
	EndProjectSection
EndProject
Project("{2150E333-8FDC-42A3-9474-1A3956D46DE8}") = "Solution Items", "Solution Items", "{239EBA5D-709C-446C-93FD-40BBF9D5CBBF}"
	ProjectSection(SolutionItems) = preProject
		.editorconfig = .editorconfig
		bootstrap.bat = bootstrap.bat
		lib\De.TorstenMandelkow.MetroChart.dll = lib\De.TorstenMandelkow.MetroChart.dll
		generate_resources.bat = generate_resources.bat
		lib\HearthDb.dll = lib\HearthDb.dll
	EndProjectSection
EndProject
Project("{9A19103F-16F7-4668-BE54-9A1E7A4F7556}") = "HearthDb", "..\..\Hearthstone-Deck-Tracker\HearthDb\HearthDb\HearthDb.csproj", "{A2619CDE-7B45-4462-AD47-2A7C810551A6}"
EndProject
Project("{9A19103F-16F7-4668-BE54-9A1E7A4F7556}") = "HearthMirror", "..\..\Hearthstone-Deck-Tracker\HearthMirror\HearthMirror\HearthMirror.csproj", "{93E7D7F0-A84C-4BB0-BD68-EEC9F377F1AB}"
EndProject
Project("{9A19103F-16F7-4668-BE54-9A1E7A4F7556}") = "ResourceGenerator", "..\..\Hearthstone-Deck-Tracker\ResourceGenerator\ResourceGenerator.csproj", "{58384215-5D17-4F14-A13F-DD98D68C5C1D}"
EndProject
Project("{9A19103F-16F7-4668-BE54-9A1E7A4F7556}") = "HSReplay", "..\..\Hearthstone-Deck-Tracker\HSReplay\HSReplay\HSReplay.csproj", "{0CFB9662-B57B-488B-9270-CAEC01CDF1C6}"
EndProject
Project("{9A19103F-16F7-4668-BE54-9A1E7A4F7556}") = "HearthWatcher", "..\..\Hearthstone-Deck-Tracker\HearthWatcher\HearthWatcher\HearthWatcher.csproj", "{16B15FF0-E18C-40C9-97C8-99AFFBC13E6F}"
EndProject
Global
	GlobalSection(SolutionConfigurationPlatforms) = preSolution
		Debug|Any CPU = Debug|Any CPU
		Release|Any CPU = Release|Any CPU
		Squirrel|Any CPU = Squirrel|Any CPU
	EndGlobalSection
	GlobalSection(ProjectConfigurationPlatforms) = postSolution
		{E63A3F1C-E662-4E62-BE43-AF27CB9E953D}.Debug|Any CPU.ActiveCfg = Debug|Any CPU
		{E63A3F1C-E662-4E62-BE43-AF27CB9E953D}.Debug|Any CPU.Build.0 = Debug|Any CPU
		{E63A3F1C-E662-4E62-BE43-AF27CB9E953D}.Release|Any CPU.ActiveCfg = Release|Any CPU
		{E63A3F1C-E662-4E62-BE43-AF27CB9E953D}.Release|Any CPU.Build.0 = Release|Any CPU
		{E63A3F1C-E662-4E62-BE43-AF27CB9E953D}.Squirrel|Any CPU.ActiveCfg = Squirrel|Any CPU
		{E63A3F1C-E662-4E62-BE43-AF27CB9E953D}.Squirrel|Any CPU.Build.0 = Squirrel|Any CPU
		{A2619CDE-7B45-4462-AD47-2A7C810551A6}.Debug|Any CPU.ActiveCfg = Debug|Any CPU
		{A2619CDE-7B45-4462-AD47-2A7C810551A6}.Debug|Any CPU.Build.0 = Debug|Any CPU
		{A2619CDE-7B45-4462-AD47-2A7C810551A6}.Release|Any CPU.ActiveCfg = Release|Any CPU
		{A2619CDE-7B45-4462-AD47-2A7C810551A6}.Release|Any CPU.Build.0 = Release|Any CPU
		{A2619CDE-7B45-4462-AD47-2A7C810551A6}.Squirrel|Any CPU.ActiveCfg = Debug|Any CPU
		{A2619CDE-7B45-4462-AD47-2A7C810551A6}.Squirrel|Any CPU.Build.0 = Debug|Any CPU
		{93E7D7F0-A84C-4BB0-BD68-EEC9F377F1AB}.Debug|Any CPU.ActiveCfg = Debug|Any CPU
		{93E7D7F0-A84C-4BB0-BD68-EEC9F377F1AB}.Debug|Any CPU.Build.0 = Debug|Any CPU
		{93E7D7F0-A84C-4BB0-BD68-EEC9F377F1AB}.Release|Any CPU.ActiveCfg = Release|Any CPU
		{93E7D7F0-A84C-4BB0-BD68-EEC9F377F1AB}.Release|Any CPU.Build.0 = Release|Any CPU
		{93E7D7F0-A84C-4BB0-BD68-EEC9F377F1AB}.Squirrel|Any CPU.ActiveCfg = Debug|Any CPU
		{93E7D7F0-A84C-4BB0-BD68-EEC9F377F1AB}.Squirrel|Any CPU.Build.0 = Debug|Any CPU
		{58384215-5D17-4F14-A13F-DD98D68C5C1D}.Debug|Any CPU.ActiveCfg = Debug|Any CPU
		{58384215-5D17-4F14-A13F-DD98D68C5C1D}.Debug|Any CPU.Build.0 = Debug|Any CPU
		{58384215-5D17-4F14-A13F-DD98D68C5C1D}.Release|Any CPU.ActiveCfg = Release|Any CPU
		{58384215-5D17-4F14-A13F-DD98D68C5C1D}.Release|Any CPU.Build.0 = Release|Any CPU
		{58384215-5D17-4F14-A13F-DD98D68C5C1D}.Squirrel|Any CPU.ActiveCfg = Debug|Any CPU
		{58384215-5D17-4F14-A13F-DD98D68C5C1D}.Squirrel|Any CPU.Build.0 = Debug|Any CPU
		{0CFB9662-B57B-488B-9270-CAEC01CDF1C6}.Debug|Any CPU.ActiveCfg = Debug|Any CPU
		{0CFB9662-B57B-488B-9270-CAEC01CDF1C6}.Debug|Any CPU.Build.0 = Debug|Any CPU
		{0CFB9662-B57B-488B-9270-CAEC01CDF1C6}.Release|Any CPU.ActiveCfg = Release|Any CPU
		{0CFB9662-B57B-488B-9270-CAEC01CDF1C6}.Release|Any CPU.Build.0 = Release|Any CPU
		{0CFB9662-B57B-488B-9270-CAEC01CDF1C6}.Squirrel|Any CPU.ActiveCfg = Debug|Any CPU
		{0CFB9662-B57B-488B-9270-CAEC01CDF1C6}.Squirrel|Any CPU.Build.0 = Debug|Any CPU
		{16B15FF0-E18C-40C9-97C8-99AFFBC13E6F}.Debug|Any CPU.ActiveCfg = Debug|Any CPU
		{16B15FF0-E18C-40C9-97C8-99AFFBC13E6F}.Debug|Any CPU.Build.0 = Debug|Any CPU
		{16B15FF0-E18C-40C9-97C8-99AFFBC13E6F}.Release|Any CPU.ActiveCfg = Release|Any CPU
		{16B15FF0-E18C-40C9-97C8-99AFFBC13E6F}.Release|Any CPU.Build.0 = Release|Any CPU
		{16B15FF0-E18C-40C9-97C8-99AFFBC13E6F}.Squirrel|Any CPU.ActiveCfg = Debug|Any CPU
		{16B15FF0-E18C-40C9-97C8-99AFFBC13E6F}.Squirrel|Any CPU.Build.0 = Debug|Any CPU
	EndGlobalSection
	GlobalSection(SolutionProperties) = preSolution
		HideSolutionNode = FALSE
	EndGlobalSection
	GlobalSection(ExtensibilityGlobals) = postSolution
		SolutionGuid = {1C99A429-291D-47F1-8141-24B1213DEB89}
	EndGlobalSection
EndGlobal
