
Microsoft Visual Studio Solution File, Format Version 12.00
# Visual Studio 14
VisualStudioVersion = 14.0.25123.0
MinimumVisualStudioVersion = 10.0.40219.1
Project("{FAE04EC0-301F-11D3-BF4B-00C04F79EFBC}") = "Hearthstone Deck Tracker", "Hearthstone Deck Tracker\Hearthstone Deck Tracker.csproj", "{E63A3F1C-E662-4E62-BE43-AF27CB9E953D}"
EndProject
Project("{FAE04EC0-301F-11D3-BF4B-00C04F79EFBC}") = "HDTTests", "HDTTests\HDTTests.csproj", "{A99438AD-6733-4FDA-928C-30C37255FF1B}"
EndProject
Project("{FAE04EC0-301F-11D3-BF4B-00C04F79EFBC}") = "HDTUpdate", "HDTUpdate\HDTUpdate.csproj", "{4DA33EE8-3F32-4D91-82FA-3BC7F014263D}"
EndProject
Project("{FAE04EC0-301F-11D3-BF4B-00C04F79EFBC}") = "HDTUninstaller", "HDTUninstaller\HDTUninstaller.csproj", "{245A59F5-6E48-4B5B-B828-24A4C3EED309}"
EndProject
Project("{2150E333-8FDC-42A3-9474-1A3956D46DE8}") = "Solution Items", "Solution Items", "{239EBA5D-709C-446C-93FD-40BBF9D5CBBF}"
	ProjectSection(SolutionItems) = preProject
		lib\De.TorstenMandelkow.MetroChart.dll = lib\De.TorstenMandelkow.MetroChart.dll
		lib\HearthDb.dll = lib\HearthDb.dll
	EndProjectSection
EndProject
Global
	GlobalSection(SolutionConfigurationPlatforms) = preSolution
		Debug|Any CPU = Debug|Any CPU
		Release|Any CPU = Release|Any CPU
	EndGlobalSection
	GlobalSection(ProjectConfigurationPlatforms) = postSolution
		{E63A3F1C-E662-4E62-BE43-AF27CB9E953D}.Debug|Any CPU.ActiveCfg = Debug|Any CPU
		{E63A3F1C-E662-4E62-BE43-AF27CB9E953D}.Debug|Any CPU.Build.0 = Debug|Any CPU
		{E63A3F1C-E662-4E62-BE43-AF27CB9E953D}.Release|Any CPU.ActiveCfg = Release|Any CPU
		{E63A3F1C-E662-4E62-BE43-AF27CB9E953D}.Release|Any CPU.Build.0 = Release|Any CPU
		{A99438AD-6733-4FDA-928C-30C37255FF1B}.Debug|Any CPU.ActiveCfg = Debug|Any CPU
		{A99438AD-6733-4FDA-928C-30C37255FF1B}.Debug|Any CPU.Build.0 = Debug|Any CPU
		{A99438AD-6733-4FDA-928C-30C37255FF1B}.Release|Any CPU.ActiveCfg = Release|Any CPU
		{A99438AD-6733-4FDA-928C-30C37255FF1B}.Release|Any CPU.Build.0 = Release|Any CPU
		{4DA33EE8-3F32-4D91-82FA-3BC7F014263D}.Debug|Any CPU.ActiveCfg = Debug|Any CPU
		{4DA33EE8-3F32-4D91-82FA-3BC7F014263D}.Debug|Any CPU.Build.0 = Debug|Any CPU
		{4DA33EE8-3F32-4D91-82FA-3BC7F014263D}.Release|Any CPU.ActiveCfg = Release|Any CPU
		{4DA33EE8-3F32-4D91-82FA-3BC7F014263D}.Release|Any CPU.Build.0 = Release|Any CPU
		{245A59F5-6E48-4B5B-B828-24A4C3EED309}.Debug|Any CPU.ActiveCfg = Debug|Any CPU
		{245A59F5-6E48-4B5B-B828-24A4C3EED309}.Debug|Any CPU.Build.0 = Debug|Any CPU
		{245A59F5-6E48-4B5B-B828-24A4C3EED309}.Release|Any CPU.ActiveCfg = Release|Any CPU
		{245A59F5-6E48-4B5B-B828-24A4C3EED309}.Release|Any CPU.Build.0 = Release|Any CPU
	EndGlobalSection
	GlobalSection(SolutionProperties) = preSolution
		HideSolutionNode = FALSE
	EndGlobalSection
EndGlobal
